// !$*UTF8*$!
{
	archiveVersion = 1;
	classes = {
	};
	objectVersion = 56;
	objects = {

/* Begin PBXBuildFile section */
		BB52153D29A9203800E59F77 /* HeroesListViewController.xib in Resources */ = {isa = PBXBuildFile; fileRef = BB67D01529A5287C00D27FEA /* HeroesListViewController.xib */; };
		BB67CFEA29A5144D00D27FEA /* AppDelegate.swift in Sources */ = {isa = PBXBuildFile; fileRef = BB67CFE929A5144D00D27FEA /* AppDelegate.swift */; };
		BB67CFEC29A5144D00D27FEA /* SceneDelegate.swift in Sources */ = {isa = PBXBuildFile; fileRef = BB67CFEB29A5144D00D27FEA /* SceneDelegate.swift */; };
		BB67CFF129A5144D00D27FEA /* Main.storyboard in Resources */ = {isa = PBXBuildFile; fileRef = BB67CFEF29A5144D00D27FEA /* Main.storyboard */; };
		BB67CFF329A5144E00D27FEA /* Assets.xcassets in Resources */ = {isa = PBXBuildFile; fileRef = BB67CFF229A5144E00D27FEA /* Assets.xcassets */; };
		BB67CFF629A5144E00D27FEA /* LaunchScreen.storyboard in Resources */ = {isa = PBXBuildFile; fileRef = BB67CFF429A5144E00D27FEA /* LaunchScreen.storyboard */; };
		BB67D00029A5159600D27FEA /* LoginViewController.swift in Sources */ = {isa = PBXBuildFile; fileRef = BB67CFFE29A5159600D27FEA /* LoginViewController.swift */; };
		BB67D00129A5159600D27FEA /* LoginViewController.xib in Resources */ = {isa = PBXBuildFile; fileRef = BB67CFFF29A5159600D27FEA /* LoginViewController.xib */; };
		BB67D00529A519E200D27FEA /* HomeTabBarController.swift in Sources */ = {isa = PBXBuildFile; fileRef = BB67D00429A519E200D27FEA /* HomeTabBarController.swift */; };
		BB67D00729A51A1700D27FEA /* LoginViewModel.swift in Sources */ = {isa = PBXBuildFile; fileRef = BB67D00629A51A1700D27FEA /* LoginViewModel.swift */; };
		BB67D00F29A51BB300D27FEA /* NetworkModel.swift in Sources */ = {isa = PBXBuildFile; fileRef = BB67D00E29A51BB300D27FEA /* NetworkModel.swift */; };
		BB67D01629A5287C00D27FEA /* HeroesListViewController.swift in Sources */ = {isa = PBXBuildFile; fileRef = BB67D01429A5287C00D27FEA /* HeroesListViewController.swift */; };
		BB67D01B29A528B400D27FEA /* MapViewController.swift in Sources */ = {isa = PBXBuildFile; fileRef = BB67D01929A528B400D27FEA /* MapViewController.swift */; };
		BB67D01C29A528B400D27FEA /* MapViewController.xib in Resources */ = {isa = PBXBuildFile; fileRef = BB67D01A29A528B400D27FEA /* MapViewController.xib */; };
		BB67D02029A5315300D27FEA /* HeroesTableViewCell.swift in Sources */ = {isa = PBXBuildFile; fileRef = BB67D01E29A5315300D27FEA /* HeroesTableViewCell.swift */; };
		BB67D02129A5315300D27FEA /* HeroesTableViewCell.xib in Resources */ = {isa = PBXBuildFile; fileRef = BB67D01F29A5315300D27FEA /* HeroesTableViewCell.xib */; };
		BB67D02429A533FB00D27FEA /* HeroModel.swift in Sources */ = {isa = PBXBuildFile; fileRef = BB67D02329A533FB00D27FEA /* HeroModel.swift */; };
		BB67D02729A5350700D27FEA /* UIImageViewExtension.swift in Sources */ = {isa = PBXBuildFile; fileRef = BB67D02629A5350700D27FEA /* UIImageViewExtension.swift */; };
		BB67D02929A536CD00D27FEA /* HeroesListViewModel.swift in Sources */ = {isa = PBXBuildFile; fileRef = BB67D02829A536CD00D27FEA /* HeroesListViewModel.swift */; };
		BB67D02B29A5372D00D27FEA /* LocalDataModel.swift in Sources */ = {isa = PBXBuildFile; fileRef = BB67D02A29A5372D00D27FEA /* LocalDataModel.swift */; };
		BB67D02D29A537BB00D27FEA /* CoreDataManager.swift in Sources */ = {isa = PBXBuildFile; fileRef = BB67D02C29A537BB00D27FEA /* CoreDataManager.swift */; };
		BB67D02F29A5380E00D27FEA /* HeroCoordenates.swift in Sources */ = {isa = PBXBuildFile; fileRef = BB67D02E29A5380E00D27FEA /* HeroCoordenates.swift */; };
		BB67D03329A5392400D27FEA /* DBZ.xcdatamodeld in Sources */ = {isa = PBXBuildFile; fileRef = BB67D03129A5392400D27FEA /* DBZ.xcdatamodeld */; };
		BB67D03529A53C8100D27FEA /* CDHero+CoreDataClass.swift in Sources */ = {isa = PBXBuildFile; fileRef = BB67D03429A53C8100D27FEA /* CDHero+CoreDataClass.swift */; };
		BB67D03729A53C9D00D27FEA /* CDHero+CoreDataProperties.swift in Sources */ = {isa = PBXBuildFile; fileRef = BB67D03629A53C9D00D27FEA /* CDHero+CoreDataProperties.swift */; };
		BB67D03929A53CB600D27FEA /*  CDLocations+CoreDataClass..swift in Sources */ = {isa = PBXBuildFile; fileRef = BB67D03829A53CB600D27FEA /*  CDLocations+CoreDataClass..swift */; };
		BB67D03B29A53CD400D27FEA /* CDLocations+CoreDataProperties.swift in Sources */ = {isa = PBXBuildFile; fileRef = BB67D03A29A53CD400D27FEA /* CDLocations+CoreDataProperties.swift */; };
		BB67D03E29A5447800D27FEA /* MapMiewModel.swift in Sources */ = {isa = PBXBuildFile; fileRef = BB67D03D29A5447800D27FEA /* MapMiewModel.swift */; };
		BB67D04029A544C100D27FEA /* extension+Mapview.swift in Sources */ = {isa = PBXBuildFile; fileRef = BB67D03F29A544C100D27FEA /* extension+Mapview.swift */; };
		BB9F13C329A66B1500FB33FE /* DetailViewController.swift in Sources */ = {isa = PBXBuildFile; fileRef = BB9F13C129A66B1500FB33FE /* DetailViewController.swift */; };
		BB9F13C429A66B1500FB33FE /* DetailViewController.xib in Resources */ = {isa = PBXBuildFile; fileRef = BB9F13C229A66B1500FB33FE /* DetailViewController.xib */; };
		BBDFC74429A7BB5800CC9591 /* KeychainManager.swift in Sources */ = {isa = PBXBuildFile; fileRef = BBDFC74329A7BB5800CC9591 /* KeychainManager.swift */; };
/* End PBXBuildFile section */

/* Begin PBXFileReference section */
		BB67CFE629A5144D00D27FEA /* iOSAvanzado_Practica.app */ = {isa = PBXFileReference; explicitFileType = wrapper.application; includeInIndex = 0; path = iOSAvanzado_Practica.app; sourceTree = BUILT_PRODUCTS_DIR; };
		BB67CFE929A5144D00D27FEA /* AppDelegate.swift */ = {isa = PBXFileReference; lastKnownFileType = sourcecode.swift; path = AppDelegate.swift; sourceTree = "<group>"; };
		BB67CFEB29A5144D00D27FEA /* SceneDelegate.swift */ = {isa = PBXFileReference; lastKnownFileType = sourcecode.swift; path = SceneDelegate.swift; sourceTree = "<group>"; };
		BB67CFF029A5144D00D27FEA /* Base */ = {isa = PBXFileReference; lastKnownFileType = file.storyboard; name = Base; path = Base.lproj/Main.storyboard; sourceTree = "<group>"; };
		BB67CFF229A5144E00D27FEA /* Assets.xcassets */ = {isa = PBXFileReference; lastKnownFileType = folder.assetcatalog; path = Assets.xcassets; sourceTree = "<group>"; };
		BB67CFF529A5144E00D27FEA /* Base */ = {isa = PBXFileReference; lastKnownFileType = file.storyboard; name = Base; path = Base.lproj/LaunchScreen.storyboard; sourceTree = "<group>"; };
		BB67CFF729A5144E00D27FEA /* Info.plist */ = {isa = PBXFileReference; lastKnownFileType = text.plist.xml; path = Info.plist; sourceTree = "<group>"; };
		BB67CFFE29A5159600D27FEA /* LoginViewController.swift */ = {isa = PBXFileReference; lastKnownFileType = sourcecode.swift; path = LoginViewController.swift; sourceTree = "<group>"; };
		BB67CFFF29A5159600D27FEA /* LoginViewController.xib */ = {isa = PBXFileReference; lastKnownFileType = file.xib; path = LoginViewController.xib; sourceTree = "<group>"; };
		BB67D00429A519E200D27FEA /* HomeTabBarController.swift */ = {isa = PBXFileReference; lastKnownFileType = sourcecode.swift; path = HomeTabBarController.swift; sourceTree = "<group>"; };
		BB67D00629A51A1700D27FEA /* LoginViewModel.swift */ = {isa = PBXFileReference; lastKnownFileType = sourcecode.swift; path = LoginViewModel.swift; sourceTree = "<group>"; };
		BB67D00E29A51BB300D27FEA /* NetworkModel.swift */ = {isa = PBXFileReference; lastKnownFileType = sourcecode.swift; path = NetworkModel.swift; sourceTree = "<group>"; };
		BB67D01429A5287C00D27FEA /* HeroesListViewController.swift */ = {isa = PBXFileReference; lastKnownFileType = sourcecode.swift; path = HeroesListViewController.swift; sourceTree = "<group>"; };
		BB67D01529A5287C00D27FEA /* HeroesListViewController.xib */ = {isa = PBXFileReference; lastKnownFileType = file.xib; path = HeroesListViewController.xib; sourceTree = "<group>"; };
		BB67D01929A528B400D27FEA /* MapViewController.swift */ = {isa = PBXFileReference; lastKnownFileType = sourcecode.swift; path = MapViewController.swift; sourceTree = "<group>"; };
		BB67D01A29A528B400D27FEA /* MapViewController.xib */ = {isa = PBXFileReference; lastKnownFileType = file.xib; path = MapViewController.xib; sourceTree = "<group>"; };
		BB67D01E29A5315300D27FEA /* HeroesTableViewCell.swift */ = {isa = PBXFileReference; lastKnownFileType = sourcecode.swift; path = HeroesTableViewCell.swift; sourceTree = "<group>"; };
		BB67D01F29A5315300D27FEA /* HeroesTableViewCell.xib */ = {isa = PBXFileReference; lastKnownFileType = file.xib; path = HeroesTableViewCell.xib; sourceTree = "<group>"; };
		BB67D02329A533FB00D27FEA /* HeroModel.swift */ = {isa = PBXFileReference; lastKnownFileType = sourcecode.swift; path = HeroModel.swift; sourceTree = "<group>"; };
		BB67D02629A5350700D27FEA /* UIImageViewExtension.swift */ = {isa = PBXFileReference; lastKnownFileType = sourcecode.swift; path = UIImageViewExtension.swift; sourceTree = "<group>"; };
		BB67D02829A536CD00D27FEA /* HeroesListViewModel.swift */ = {isa = PBXFileReference; lastKnownFileType = sourcecode.swift; path = HeroesListViewModel.swift; sourceTree = "<group>"; };
		BB67D02A29A5372D00D27FEA /* LocalDataModel.swift */ = {isa = PBXFileReference; lastKnownFileType = sourcecode.swift; path = LocalDataModel.swift; sourceTree = "<group>"; };
		BB67D02C29A537BB00D27FEA /* CoreDataManager.swift */ = {isa = PBXFileReference; lastKnownFileType = sourcecode.swift; path = CoreDataManager.swift; sourceTree = "<group>"; };
		BB67D02E29A5380E00D27FEA /* HeroCoordenates.swift */ = {isa = PBXFileReference; lastKnownFileType = sourcecode.swift; path = HeroCoordenates.swift; sourceTree = "<group>"; };
		BB67D03229A5392400D27FEA /* Heroes.xcdatamodel */ = {isa = PBXFileReference; lastKnownFileType = wrapper.xcdatamodel; path = Heroes.xcdatamodel; sourceTree = "<group>"; };
		BB67D03429A53C8100D27FEA /* CDHero+CoreDataClass.swift */ = {isa = PBXFileReference; lastKnownFileType = sourcecode.swift; path = "CDHero+CoreDataClass.swift"; sourceTree = "<group>"; };
		BB67D03629A53C9D00D27FEA /* CDHero+CoreDataProperties.swift */ = {isa = PBXFileReference; lastKnownFileType = sourcecode.swift; path = "CDHero+CoreDataProperties.swift"; sourceTree = "<group>"; };
		BB67D03829A53CB600D27FEA /*  CDLocations+CoreDataClass..swift */ = {isa = PBXFileReference; lastKnownFileType = sourcecode.swift; path = " CDLocations+CoreDataClass..swift"; sourceTree = "<group>"; };
		BB67D03A29A53CD400D27FEA /* CDLocations+CoreDataProperties.swift */ = {isa = PBXFileReference; lastKnownFileType = sourcecode.swift; path = "CDLocations+CoreDataProperties.swift"; sourceTree = "<group>"; };
		BB67D03D29A5447800D27FEA /* MapMiewModel.swift */ = {isa = PBXFileReference; lastKnownFileType = sourcecode.swift; path = MapMiewModel.swift; sourceTree = "<group>"; };
		BB67D03F29A544C100D27FEA /* extension+Mapview.swift */ = {isa = PBXFileReference; lastKnownFileType = sourcecode.swift; path = "extension+Mapview.swift"; sourceTree = "<group>"; };
		BB9F13C129A66B1500FB33FE /* DetailViewController.swift */ = {isa = PBXFileReference; lastKnownFileType = sourcecode.swift; path = DetailViewController.swift; sourceTree = "<group>"; };
		BB9F13C229A66B1500FB33FE /* DetailViewController.xib */ = {isa = PBXFileReference; lastKnownFileType = file.xib; path = DetailViewController.xib; sourceTree = "<group>"; };
		BBDFC74329A7BB5800CC9591 /* KeychainManager.swift */ = {isa = PBXFileReference; lastKnownFileType = sourcecode.swift; path = KeychainManager.swift; sourceTree = "<group>"; };
/* End PBXFileReference section */

/* Begin PBXFrameworksBuildPhase section */
		BB67CFE329A5144D00D27FEA /* Frameworks */ = {
			isa = PBXFrameworksBuildPhase;
			buildActionMask = 2147483647;
			files = (
			);
			runOnlyForDeploymentPostprocessing = 0;
		};
/* End PBXFrameworksBuildPhase section */

/* Begin PBXGroup section */
		BB67CFDD29A5144D00D27FEA = {
			isa = PBXGroup;
			children = (
				BB67CFE829A5144D00D27FEA /* iOSAvanzado_Practica */,
				BB67CFE729A5144D00D27FEA /* Products */,
			);
			sourceTree = "<group>";
		};
		BB67CFE729A5144D00D27FEA /* Products */ = {
			isa = PBXGroup;
			children = (
				BB67CFE629A5144D00D27FEA /* iOSAvanzado_Practica.app */,
			);
			name = Products;
			sourceTree = "<group>";
		};
		BB67CFE829A5144D00D27FEA /* iOSAvanzado_Practica */ = {
			isa = PBXGroup;
			children = (
				BB67D03029A5390900D27FEA /* Coredata */,
				BB67D02529A534DF00D27FEA /* Extensions */,
				BB67D01029A5217D00D27FEA /* App */,
				BB67D02229A533E200D27FEA /* Models */,
				BB67D00D29A51B9100D27FEA /* Utils */,
				BB9F13C029A66AE000FB33FE /* DetailsView */,
				BB67D01829A5288600D27FEA /* MapView */,
				BB67D01229A5284E00D27FEA /* HeroesList */,
				BB67D00329A519A300D27FEA /* HomeTabBar */,
				BB67D00229A5199600D27FEA /* ViewModels */,
				BB67CFFD29A5151700D27FEA /* Login */,
				BB67CFEF29A5144D00D27FEA /* Main.storyboard */,
				BB67CFF229A5144E00D27FEA /* Assets.xcassets */,
				BB67CFF429A5144E00D27FEA /* LaunchScreen.storyboard */,
				BB67CFF729A5144E00D27FEA /* Info.plist */,
			);
			path = iOSAvanzado_Practica;
			sourceTree = "<group>";
		};
		BB67CFFD29A5151700D27FEA /* Login */ = {
			isa = PBXGroup;
			children = (
				BB67CFFE29A5159600D27FEA /* LoginViewController.swift */,
				BB67CFFF29A5159600D27FEA /* LoginViewController.xib */,
			);
			path = Login;
			sourceTree = "<group>";
		};
		BB67D00229A5199600D27FEA /* ViewModels */ = {
			isa = PBXGroup;
			children = (
				BB67D00629A51A1700D27FEA /* LoginViewModel.swift */,
				BB67D02829A536CD00D27FEA /* HeroesListViewModel.swift */,
				BB67D03D29A5447800D27FEA /* MapMiewModel.swift */,
			);
			path = ViewModels;
			sourceTree = "<group>";
		};
		BB67D00329A519A300D27FEA /* HomeTabBar */ = {
			isa = PBXGroup;
			children = (
				BB67D00429A519E200D27FEA /* HomeTabBarController.swift */,
			);
			path = HomeTabBar;
			sourceTree = "<group>";
		};
		BB67D00D29A51B9100D27FEA /* Utils */ = {
			isa = PBXGroup;
			children = (
				BB67D00E29A51BB300D27FEA /* NetworkModel.swift */,
				BB67D02C29A537BB00D27FEA /* CoreDataManager.swift */,
				BB67D03429A53C8100D27FEA /* CDHero+CoreDataClass.swift */,
				BB67D03629A53C9D00D27FEA /* CDHero+CoreDataProperties.swift */,
				BB67D03829A53CB600D27FEA /*  CDLocations+CoreDataClass..swift */,
				BB67D03A29A53CD400D27FEA /* CDLocations+CoreDataProperties.swift */,
				BBDFC74329A7BB5800CC9591 /* KeychainManager.swift */,
			);
			path = Utils;
			sourceTree = "<group>";
		};
		BB67D01029A5217D00D27FEA /* App */ = {
			isa = PBXGroup;
			children = (
				BB67CFEB29A5144D00D27FEA /* SceneDelegate.swift */,
				BB67CFE929A5144D00D27FEA /* AppDelegate.swift */,
			);
			path = App;
			sourceTree = "<group>";
		};
		BB67D01229A5284E00D27FEA /* HeroesList */ = {
			isa = PBXGroup;
			children = (
				BB67D01429A5287C00D27FEA /* HeroesListViewController.swift */,
				BB67D01529A5287C00D27FEA /* HeroesListViewController.xib */,
				BB67D01D29A530C800D27FEA /* HeroesListCell */,
			);
			path = HeroesList;
			sourceTree = "<group>";
		};
		BB67D01829A5288600D27FEA /* MapView */ = {
			isa = PBXGroup;
			children = (
				BB67D01929A528B400D27FEA /* MapViewController.swift */,
				BB67D01A29A528B400D27FEA /* MapViewController.xib */,
			);
			path = MapView;
			sourceTree = "<group>";
		};
		BB67D01D29A530C800D27FEA /* HeroesListCell */ = {
			isa = PBXGroup;
			children = (
				BB67D01E29A5315300D27FEA /* HeroesTableViewCell.swift */,
				BB67D01F29A5315300D27FEA /* HeroesTableViewCell.xib */,
			);
			path = HeroesListCell;
			sourceTree = "<group>";
		};
		BB67D02229A533E200D27FEA /* Models */ = {
			isa = PBXGroup;
			children = (
				BB67D02329A533FB00D27FEA /* HeroModel.swift */,
				BB67D02A29A5372D00D27FEA /* LocalDataModel.swift */,
				BB67D02E29A5380E00D27FEA /* HeroCoordenates.swift */,
			);
			path = Models;
			sourceTree = "<group>";
		};
		BB67D02529A534DF00D27FEA /* Extensions */ = {
			isa = PBXGroup;
			children = (
				BB67D02629A5350700D27FEA /* UIImageViewExtension.swift */,
				BB67D03F29A544C100D27FEA /* extension+Mapview.swift */,
			);
			path = Extensions;
			sourceTree = "<group>";
		};
		BB67D03029A5390900D27FEA /* Coredata */ = {
			isa = PBXGroup;
			children = (
				BB67D03129A5392400D27FEA /* DBZ.xcdatamodeld */,
			);
			path = Coredata;
			sourceTree = "<group>";
		};
		BB9F13C029A66AE000FB33FE /* DetailsView */ = {
			isa = PBXGroup;
			children = (
				BB9F13C129A66B1500FB33FE /* DetailViewController.swift */,
				BB9F13C229A66B1500FB33FE /* DetailViewController.xib */,
			);
			path = DetailsView;
			sourceTree = "<group>";
		};
/* End PBXGroup section */

/* Begin PBXNativeTarget section */
		BB67CFE529A5144D00D27FEA /* iOSAvanzado_Practica */ = {
			isa = PBXNativeTarget;
			buildConfigurationList = BB67CFFA29A5144E00D27FEA /* Build configuration list for PBXNativeTarget "iOSAvanzado_Practica" */;
			buildPhases = (
				BB67CFE229A5144D00D27FEA /* Sources */,
				BB67CFE329A5144D00D27FEA /* Frameworks */,
				BB67CFE429A5144D00D27FEA /* Resources */,
			);
			buildRules = (
			);
			dependencies = (
			);
			name = iOSAvanzado_Practica;
			packageProductDependencies = (
			);
			productName = iOSAvanzado_Practica;
			productReference = BB67CFE629A5144D00D27FEA /* iOSAvanzado_Practica.app */;
			productType = "com.apple.product-type.application";
		};
/* End PBXNativeTarget section */

/* Begin PBXProject section */
		BB67CFDE29A5144D00D27FEA /* Project object */ = {
			isa = PBXProject;
			attributes = {
				BuildIndependentTargetsInParallel = 1;
				LastSwiftUpdateCheck = 1420;
				LastUpgradeCheck = 1420;
				TargetAttributes = {
					BB67CFE529A5144D00D27FEA = {
						CreatedOnToolsVersion = 14.2;
					};
				};
			};
			buildConfigurationList = BB67CFE129A5144D00D27FEA /* Build configuration list for PBXProject "iOSAvanzado_Practica" */;
			compatibilityVersion = "Xcode 14.0";
			developmentRegion = en;
			hasScannedForEncodings = 0;
			knownRegions = (
				en,
				Base,
			);
			mainGroup = BB67CFDD29A5144D00D27FEA;
			packageReferences = (
			);
			productRefGroup = BB67CFE729A5144D00D27FEA /* Products */;
			projectDirPath = "";
			projectRoot = "";
			targets = (
				BB67CFE529A5144D00D27FEA /* iOSAvanzado_Practica */,
			);
		};
/* End PBXProject section */

/* Begin PBXResourcesBuildPhase section */
		BB67CFE429A5144D00D27FEA /* Resources */ = {
			isa = PBXResourcesBuildPhase;
			buildActionMask = 2147483647;
			files = (
				BB67D00129A5159600D27FEA /* LoginViewController.xib in Resources */,
				BB67D01C29A528B400D27FEA /* MapViewController.xib in Resources */,
				BB67CFF629A5144E00D27FEA /* LaunchScreen.storyboard in Resources */,
				BB9F13C429A66B1500FB33FE /* DetailViewController.xib in Resources */,
				BB67D02129A5315300D27FEA /* HeroesTableViewCell.xib in Resources */,
				BB67CFF329A5144E00D27FEA /* Assets.xcassets in Resources */,
				BB52153D29A9203800E59F77 /* HeroesListViewController.xib in Resources */,
				BB67CFF129A5144D00D27FEA /* Main.storyboard in Resources */,
			);
			runOnlyForDeploymentPostprocessing = 0;
		};
/* End PBXResourcesBuildPhase section */

/* Begin PBXSourcesBuildPhase section */
		BB67CFE229A5144D00D27FEA /* Sources */ = {
			isa = PBXSourcesBuildPhase;
			buildActionMask = 2147483647;
			files = (
				BB67D02B29A5372D00D27FEA /* LocalDataModel.swift in Sources */,
				BB67D03329A5392400D27FEA /* DBZ.xcdatamodeld in Sources */,
				BB9F13C329A66B1500FB33FE /* DetailViewController.swift in Sources */,
				BB67D00029A5159600D27FEA /* LoginViewController.swift in Sources */,
				BB67D00729A51A1700D27FEA /* LoginViewModel.swift in Sources */,
				BB67CFEA29A5144D00D27FEA /* AppDelegate.swift in Sources */,
				BB67D03B29A53CD400D27FEA /* CDLocations+CoreDataProperties.swift in Sources */,
				BBDFC74429A7BB5800CC9591 /* KeychainManager.swift in Sources */,
				BB67CFEC29A5144D00D27FEA /* SceneDelegate.swift in Sources */,
				BB67D03529A53C8100D27FEA /* CDHero+CoreDataClass.swift in Sources */,
				BB67D02029A5315300D27FEA /* HeroesTableViewCell.swift in Sources */,
				BB67D01629A5287C00D27FEA /* HeroesListViewController.swift in Sources */,
				BB67D02929A536CD00D27FEA /* HeroesListViewModel.swift in Sources */,
				BB67D02729A5350700D27FEA /* UIImageViewExtension.swift in Sources */,
				BB67D00F29A51BB300D27FEA /* NetworkModel.swift in Sources */,
				BB67D00529A519E200D27FEA /* HomeTabBarController.swift in Sources */,
				BB67D02F29A5380E00D27FEA /* HeroCoordenates.swift in Sources */,
				BB67D03929A53CB600D27FEA /*  CDLocations+CoreDataClass..swift in Sources */,
				BB67D01B29A528B400D27FEA /* MapViewController.swift in Sources */,
				BB67D03E29A5447800D27FEA /* MapMiewModel.swift in Sources */,
				BB67D02D29A537BB00D27FEA /* CoreDataManager.swift in Sources */,
				BB67D04029A544C100D27FEA /* extension+Mapview.swift in Sources */,
				BB67D03729A53C9D00D27FEA /* CDHero+CoreDataProperties.swift in Sources */,
				BB67D02429A533FB00D27FEA /* HeroModel.swift in Sources */,
			);
			runOnlyForDeploymentPostprocessing = 0;
		};
/* End PBXSourcesBuildPhase section */

/* Begin PBXVariantGroup section */
		BB67CFEF29A5144D00D27FEA /* Main.storyboard */ = {
			isa = PBXVariantGroup;
			children = (
				BB67CFF029A5144D00D27FEA /* Base */,
			);
			name = Main.storyboard;
			sourceTree = "<group>";
		};
		BB67CFF429A5144E00D27FEA /* LaunchScreen.storyboard */ = {
			isa = PBXVariantGroup;
			children = (
				BB67CFF529A5144E00D27FEA /* Base */,
			);
			name = LaunchScreen.storyboard;
			sourceTree = "<group>";
		};
/* End PBXVariantGroup section */

/* Begin XCBuildConfiguration section */
		BB67CFF829A5144E00D27FEA /* Debug */ = {
			isa = XCBuildConfiguration;
			buildSettings = {
				ALWAYS_SEARCH_USER_PATHS = NO;
				CLANG_ANALYZER_NONNULL = YES;
				CLANG_ANALYZER_NUMBER_OBJECT_CONVERSION = YES_AGGRESSIVE;
				CLANG_CXX_LANGUAGE_STANDARD = "gnu++20";
				CLANG_ENABLE_MODULES = YES;
				CLANG_ENABLE_OBJC_ARC = YES;
				CLANG_ENABLE_OBJC_WEAK = YES;
				CLANG_WARN_BLOCK_CAPTURE_AUTORELEASING = YES;
				CLANG_WARN_BOOL_CONVERSION = YES;
				CLANG_WARN_COMMA = YES;
				CLANG_WARN_CONSTANT_CONVERSION = YES;
				CLANG_WARN_DEPRECATED_OBJC_IMPLEMENTATIONS = YES;
				CLANG_WARN_DIRECT_OBJC_ISA_USAGE = YES_ERROR;
				CLANG_WARN_DOCUMENTATION_COMMENTS = YES;
				CLANG_WARN_EMPTY_BODY = YES;
				CLANG_WARN_ENUM_CONVERSION = YES;
				CLANG_WARN_INFINITE_RECURSION = YES;
				CLANG_WARN_INT_CONVERSION = YES;
				CLANG_WARN_NON_LITERAL_NULL_CONVERSION = YES;
				CLANG_WARN_OBJC_IMPLICIT_RETAIN_SELF = YES;
				CLANG_WARN_OBJC_LITERAL_CONVERSION = YES;
				CLANG_WARN_OBJC_ROOT_CLASS = YES_ERROR;
				CLANG_WARN_QUOTED_INCLUDE_IN_FRAMEWORK_HEADER = YES;
				CLANG_WARN_RANGE_LOOP_ANALYSIS = YES;
				CLANG_WARN_STRICT_PROTOTYPES = YES;
				CLANG_WARN_SUSPICIOUS_MOVE = YES;
				CLANG_WARN_UNGUARDED_AVAILABILITY = YES_AGGRESSIVE;
				CLANG_WARN_UNREACHABLE_CODE = YES;
				CLANG_WARN__DUPLICATE_METHOD_MATCH = YES;
				COPY_PHASE_STRIP = NO;
				DEBUG_INFORMATION_FORMAT = dwarf;
				ENABLE_STRICT_OBJC_MSGSEND = YES;
				ENABLE_TESTABILITY = YES;
				GCC_C_LANGUAGE_STANDARD = gnu11;
				GCC_DYNAMIC_NO_PIC = NO;
				GCC_NO_COMMON_BLOCKS = YES;
				GCC_OPTIMIZATION_LEVEL = 0;
				GCC_PREPROCESSOR_DEFINITIONS = (
					"DEBUG=1",
					"$(inherited)",
				);
				GCC_WARN_64_TO_32_BIT_CONVERSION = YES;
				GCC_WARN_ABOUT_RETURN_TYPE = YES_ERROR;
				GCC_WARN_UNDECLARED_SELECTOR = YES;
				GCC_WARN_UNINITIALIZED_AUTOS = YES_AGGRESSIVE;
				GCC_WARN_UNUSED_FUNCTION = YES;
				GCC_WARN_UNUSED_VARIABLE = YES;
				IPHONEOS_DEPLOYMENT_TARGET = 16.2;
				MTL_ENABLE_DEBUG_INFO = INCLUDE_SOURCE;
				MTL_FAST_MATH = YES;
				ONLY_ACTIVE_ARCH = YES;
				SDKROOT = iphoneos;
				SWIFT_ACTIVE_COMPILATION_CONDITIONS = DEBUG;
				SWIFT_OPTIMIZATION_LEVEL = "-Onone";
			};
			name = Debug;
		};
		BB67CFF929A5144E00D27FEA /* Release */ = {
			isa = XCBuildConfiguration;
			buildSettings = {
				ALWAYS_SEARCH_USER_PATHS = NO;
				CLANG_ANALYZER_NONNULL = YES;
				CLANG_ANALYZER_NUMBER_OBJECT_CONVERSION = YES_AGGRESSIVE;
				CLANG_CXX_LANGUAGE_STANDARD = "gnu++20";
				CLANG_ENABLE_MODULES = YES;
				CLANG_ENABLE_OBJC_ARC = YES;
				CLANG_ENABLE_OBJC_WEAK = YES;
				CLANG_WARN_BLOCK_CAPTURE_AUTORELEASING = YES;
				CLANG_WARN_BOOL_CONVERSION = YES;
				CLANG_WARN_COMMA = YES;
				CLANG_WARN_CONSTANT_CONVERSION = YES;
				CLANG_WARN_DEPRECATED_OBJC_IMPLEMENTATIONS = YES;
				CLANG_WARN_DIRECT_OBJC_ISA_USAGE = YES_ERROR;
				CLANG_WARN_DOCUMENTATION_COMMENTS = YES;
				CLANG_WARN_EMPTY_BODY = YES;
				CLANG_WARN_ENUM_CONVERSION = YES;
				CLANG_WARN_INFINITE_RECURSION = YES;
				CLANG_WARN_INT_CONVERSION = YES;
				CLANG_WARN_NON_LITERAL_NULL_CONVERSION = YES;
				CLANG_WARN_OBJC_IMPLICIT_RETAIN_SELF = YES;
				CLANG_WARN_OBJC_LITERAL_CONVERSION = YES;
				CLANG_WARN_OBJC_ROOT_CLASS = YES_ERROR;
				CLANG_WARN_QUOTED_INCLUDE_IN_FRAMEWORK_HEADER = YES;
				CLANG_WARN_RANGE_LOOP_ANALYSIS = YES;
				CLANG_WARN_STRICT_PROTOTYPES = YES;
				CLANG_WARN_SUSPICIOUS_MOVE = YES;
				CLANG_WARN_UNGUARDED_AVAILABILITY = YES_AGGRESSIVE;
				CLANG_WARN_UNREACHABLE_CODE = YES;
				CLANG_WARN__DUPLICATE_METHOD_MATCH = YES;
				COPY_PHASE_STRIP = NO;
				DEBUG_INFORMATION_FORMAT = "dwarf-with-dsym";
				ENABLE_NS_ASSERTIONS = NO;
				ENABLE_STRICT_OBJC_MSGSEND = YES;
				GCC_C_LANGUAGE_STANDARD = gnu11;
				GCC_NO_COMMON_BLOCKS = YES;
				GCC_WARN_64_TO_32_BIT_CONVERSION = YES;
				GCC_WARN_ABOUT_RETURN_TYPE = YES_ERROR;
				GCC_WARN_UNDECLARED_SELECTOR = YES;
				GCC_WARN_UNINITIALIZED_AUTOS = YES_AGGRESSIVE;
				GCC_WARN_UNUSED_FUNCTION = YES;
				GCC_WARN_UNUSED_VARIABLE = YES;
				IPHONEOS_DEPLOYMENT_TARGET = 16.2;
				MTL_ENABLE_DEBUG_INFO = NO;
				MTL_FAST_MATH = YES;
				SDKROOT = iphoneos;
				SWIFT_COMPILATION_MODE = wholemodule;
				SWIFT_OPTIMIZATION_LEVEL = "-O";
				VALIDATE_PRODUCT = YES;
			};
			name = Release;
		};
		BB67CFFB29A5144E00D27FEA /* Debug */ = {
			isa = XCBuildConfiguration;
			buildSettings = {
				ASSETCATALOG_COMPILER_APPICON_NAME = AppIcon;
				ASSETCATALOG_COMPILER_GLOBAL_ACCENT_COLOR_NAME = AccentColor;
				CODE_SIGN_STYLE = Automatic;
				CURRENT_PROJECT_VERSION = 1;
				GENERATE_INFOPLIST_FILE = YES;
				INFOPLIST_FILE = iOSAvanzado_Practica/Info.plist;
				INFOPLIST_KEY_UIApplicationSupportsIndirectInputEvents = YES;
				INFOPLIST_KEY_UILaunchStoryboardName = LaunchScreen;
				INFOPLIST_KEY_UIMainStoryboardFile = Main;
				INFOPLIST_KEY_UISupportedInterfaceOrientations_iPad = "UIInterfaceOrientationPortrait UIInterfaceOrientationPortraitUpsideDown UIInterfaceOrientationLandscapeLeft UIInterfaceOrientationLandscapeRight";
				INFOPLIST_KEY_UISupportedInterfaceOrientations_iPhone = "UIInterfaceOrientationPortrait UIInterfaceOrientationLandscapeLeft UIInterfaceOrientationLandscapeRight";
				LD_RUNPATH_SEARCH_PATHS = (
					"$(inherited)",
					"@executable_path/Frameworks",
				);
				MARKETING_VERSION = 1.0;
				PRODUCT_BUNDLE_IDENTIFIER = "davidrobles.iOSAvanzado-Practica";
				PRODUCT_NAME = "$(TARGET_NAME)";
				SWIFT_EMIT_LOC_STRINGS = YES;
				SWIFT_VERSION = 5.0;
				TARGETED_DEVICE_FAMILY = "1,2";
			};
			name = Debug;
		};
		BB67CFFC29A5144E00D27FEA /* Release */ = {
			isa = XCBuildConfiguration;
			buildSettings = {
				ASSETCATALOG_COMPILER_APPICON_NAME = AppIcon;
				ASSETCATALOG_COMPILER_GLOBAL_ACCENT_COLOR_NAME = AccentColor;
				CODE_SIGN_STYLE = Automatic;
				CURRENT_PROJECT_VERSION = 1;
				GENERATE_INFOPLIST_FILE = YES;
				INFOPLIST_FILE = iOSAvanzado_Practica/Info.plist;
				INFOPLIST_KEY_UIApplicationSupportsIndirectInputEvents = YES;
				INFOPLIST_KEY_UILaunchStoryboardName = LaunchScreen;
				INFOPLIST_KEY_UIMainStoryboardFile = Main;
				INFOPLIST_KEY_UISupportedInterfaceOrientations_iPad = "UIInterfaceOrientationPortrait UIInterfaceOrientationPortraitUpsideDown UIInterfaceOrientationLandscapeLeft UIInterfaceOrientationLandscapeRight";
				INFOPLIST_KEY_UISupportedInterfaceOrientations_iPhone = "UIInterfaceOrientationPortrait UIInterfaceOrientationLandscapeLeft UIInterfaceOrientationLandscapeRight";
				LD_RUNPATH_SEARCH_PATHS = (
					"$(inherited)",
					"@executable_path/Frameworks",
				);
				MARKETING_VERSION = 1.0;
				PRODUCT_BUNDLE_IDENTIFIER = "davidrobles.iOSAvanzado-Practica";
				PRODUCT_NAME = "$(TARGET_NAME)";
				SWIFT_EMIT_LOC_STRINGS = YES;
				SWIFT_VERSION = 5.0;
				TARGETED_DEVICE_FAMILY = "1,2";
			};
			name = Release;
		};
/* End XCBuildConfiguration section */

/* Begin XCConfigurationList section */
		BB67CFE129A5144D00D27FEA /* Build configuration list for PBXProject "iOSAvanzado_Practica" */ = {
			isa = XCConfigurationList;
			buildConfigurations = (
				BB67CFF829A5144E00D27FEA /* Debug */,
				BB67CFF929A5144E00D27FEA /* Release */,
			);
			defaultConfigurationIsVisible = 0;
			defaultConfigurationName = Release;
		};
		BB67CFFA29A5144E00D27FEA /* Build configuration list for PBXNativeTarget "iOSAvanzado_Practica" */ = {
			isa = XCConfigurationList;
			buildConfigurations = (
				BB67CFFB29A5144E00D27FEA /* Debug */,
				BB67CFFC29A5144E00D27FEA /* Release */,
			);
			defaultConfigurationIsVisible = 0;
			defaultConfigurationName = Release;
		};
/* End XCConfigurationList section */

/* Begin XCVersionGroup section */
		BB67D03129A5392400D27FEA /* DBZ.xcdatamodeld */ = {
			isa = XCVersionGroup;
			children = (
				BB67D03229A5392400D27FEA /* Heroes.xcdatamodel */,
			);
			currentVersion = BB67D03229A5392400D27FEA /* Heroes.xcdatamodel */;
			path = DBZ.xcdatamodeld;
			sourceTree = "<group>";
			versionGroupType = wrapper.xcdatamodel;
		};
/* End XCVersionGroup section */
	};
	rootObject = BB67CFDE29A5144D00D27FEA /* Project object */;
}
